// !$*UTF8*$!
{
	archiveVersion = 1;
	classes = {
	};
	objectVersion = 56;
	objects = {

/* Begin PBXBuildFile section */
		69954230943610CED5797F7C /* Pods_GHFFollowers.framework in Frameworks */ = {isa = PBXBuildFile; fileRef = 9034A9D85A35FEE31C241421 /* Pods_GHFFollowers.framework */; };
		7F216F842B556D3B0094D7F8 /* AppDelegate.swift in Sources */ = {isa = PBXBuildFile; fileRef = 7F216F832B556D3B0094D7F8 /* AppDelegate.swift */; };
		7F216F862B556D3B0094D7F8 /* SceneDelegate.swift in Sources */ = {isa = PBXBuildFile; fileRef = 7F216F852B556D3B0094D7F8 /* SceneDelegate.swift */; };
		7F216F8D2B556D3C0094D7F8 /* Assets.xcassets in Resources */ = {isa = PBXBuildFile; fileRef = 7F216F8C2B556D3C0094D7F8 /* Assets.xcassets */; };
		7F216F902B556D3C0094D7F8 /* LaunchScreen.storyboard in Resources */ = {isa = PBXBuildFile; fileRef = 7F216F8E2B556D3C0094D7F8 /* LaunchScreen.storyboard */; };
		7F216F982B557B530094D7F8 /* SearchVC.swift in Sources */ = {isa = PBXBuildFile; fileRef = 7F216F972B557B530094D7F8 /* SearchVC.swift */; };
		7F216F9A2B557B6C0094D7F8 /* FavoriteListVC.swift in Sources */ = {isa = PBXBuildFile; fileRef = 7F216F992B557B6C0094D7F8 /* FavoriteListVC.swift */; };
		7F216F9D2B575E1F0094D7F8 /* GFButton.swift in Sources */ = {isa = PBXBuildFile; fileRef = 7F216F9C2B575E1F0094D7F8 /* GFButton.swift */; };
		7F216FA02B5792A00094D7F8 /* GFTextField.swift in Sources */ = {isa = PBXBuildFile; fileRef = 7F216F9F2B5792A00094D7F8 /* GFTextField.swift */; };
		7F216FA22B57AF0F0094D7F8 /* FollowerListVC.swift in Sources */ = {isa = PBXBuildFile; fileRef = 7F216FA12B57AF0F0094D7F8 /* FollowerListVC.swift */; };
		7F216FA42B57F93D0094D7F8 /* GFTitleLabel.swift in Sources */ = {isa = PBXBuildFile; fileRef = 7F216FA32B57F93D0094D7F8 /* GFTitleLabel.swift */; };
		7F216FA62B57F9520094D7F8 /* GFBodyLabel.swift in Sources */ = {isa = PBXBuildFile; fileRef = 7F216FA52B57F9520094D7F8 /* GFBodyLabel.swift */; };
		7F216FA82B57FC480094D7F8 /* GFAlertVC.swift in Sources */ = {isa = PBXBuildFile; fileRef = 7F216FA72B57FC480094D7F8 /* GFAlertVC.swift */; };
		7F216FAA2B57FC720094D7F8 /* GFAlertView.swift in Sources */ = {isa = PBXBuildFile; fileRef = 7F216FA92B57FC720094D7F8 /* GFAlertView.swift */; };
		7F216FAC2B58196E0094D7F8 /* UIViewController+Ext.swift in Sources */ = {isa = PBXBuildFile; fileRef = 7F216FAB2B58196E0094D7F8 /* UIViewController+Ext.swift */; };
		7F65F5B42B678A21002F40E2 /* GFTabBarViewController.swift in Sources */ = {isa = PBXBuildFile; fileRef = 7F65F5B32B678A21002F40E2 /* GFTabBarViewController.swift */; };
		7F65F5B62B67A2BA002F40E2 /* Date+Ext.swift in Sources */ = {isa = PBXBuildFile; fileRef = 7F65F5B52B67A2BA002F40E2 /* Date+Ext.swift */; };
		7FF9AEBE2B5A054300918470 /* NetworkManager.swift in Sources */ = {isa = PBXBuildFile; fileRef = 7FF9AEBD2B5A054300918470 /* NetworkManager.swift */; };
		7FF9AEC02B5A117300918470 /* Follower.swift in Sources */ = {isa = PBXBuildFile; fileRef = 7FF9AEBF2B5A117300918470 /* Follower.swift */; };
		7FF9AEC32B5A11B200918470 /* User.swift in Sources */ = {isa = PBXBuildFile; fileRef = 7FF9AEC22B5A11B200918470 /* User.swift */; };
		7FF9AEC62B5A4BDE00918470 /* GFError.swift in Sources */ = {isa = PBXBuildFile; fileRef = 7FF9AEC52B5A4BDE00918470 /* GFError.swift */; };
		7FF9AECA2B5A82A200918470 /* FollowerCell.swift in Sources */ = {isa = PBXBuildFile; fileRef = 7FF9AEC92B5A82A200918470 /* FollowerCell.swift */; };
		7FF9AECC2B5A8BAE00918470 /* GFAvatarImageView.swift in Sources */ = {isa = PBXBuildFile; fileRef = 7FF9AECB2B5A8BAE00918470 /* GFAvatarImageView.swift */; };
		7FF9AECE2B5E137C00918470 /* UIHelper.swift in Sources */ = {isa = PBXBuildFile; fileRef = 7FF9AECD2B5E137C00918470 /* UIHelper.swift */; };
		7FF9AED02B5E941900918470 /* GFEmptyView.swift in Sources */ = {isa = PBXBuildFile; fileRef = 7FF9AECF2B5E941900918470 /* GFEmptyView.swift */; };
		7FF9AED22B5FF81E00918470 /* UserInfoVC.swift in Sources */ = {isa = PBXBuildFile; fileRef = 7FF9AED12B5FF81E00918470 /* UserInfoVC.swift */; };
		7FF9AED42B60C1D300918470 /* GFUserInfoItemVC.swift in Sources */ = {isa = PBXBuildFile; fileRef = 7FF9AED32B60C1D200918470 /* GFUserInfoItemVC.swift */; };
		7FF9AED62B60C1E900918470 /* GFUserInfoHeaderVC.swift in Sources */ = {isa = PBXBuildFile; fileRef = 7FF9AED52B60C1E900918470 /* GFUserInfoHeaderVC.swift */; };
		7FF9AEDA2B61085F00918470 /* Constants.swift in Sources */ = {isa = PBXBuildFile; fileRef = 7FF9AED92B61085F00918470 /* Constants.swift */; };
		7FF9AEDC2B612CBC00918470 /* GFItemInfoView.swift in Sources */ = {isa = PBXBuildFile; fileRef = 7FF9AEDB2B612CBC00918470 /* GFItemInfoView.swift */; };
		7FF9AEDE2B62983400918470 /* GFRepoItemVC.swift in Sources */ = {isa = PBXBuildFile; fileRef = 7FF9AEDD2B62983400918470 /* GFRepoItemVC.swift */; };
		7FF9AEE02B629A2B00918470 /* GFFollowerItemVC.swift in Sources */ = {isa = PBXBuildFile; fileRef = 7FF9AEDF2B629A2B00918470 /* GFFollowerItemVC.swift */; };
		7FF9AEE52B63E96F00918470 /* PersistenceManager.swift in Sources */ = {isa = PBXBuildFile; fileRef = 7FF9AEE42B63E96F00918470 /* PersistenceManager.swift */; };
		7FF9AEE72B66490F00918470 /* FavoriteCell.swift in Sources */ = {isa = PBXBuildFile; fileRef = 7FF9AEE62B66490F00918470 /* FavoriteCell.swift */; };
/* End PBXBuildFile section */

/* Begin PBXFileReference section */
		7F216F802B556D3B0094D7F8 /* GHFFollowers.app */ = {isa = PBXFileReference; explicitFileType = wrapper.application; includeInIndex = 0; path = GHFFollowers.app; sourceTree = BUILT_PRODUCTS_DIR; };
		7F216F832B556D3B0094D7F8 /* AppDelegate.swift */ = {isa = PBXFileReference; lastKnownFileType = sourcecode.swift; path = AppDelegate.swift; sourceTree = "<group>"; };
		7F216F852B556D3B0094D7F8 /* SceneDelegate.swift */ = {isa = PBXFileReference; lastKnownFileType = sourcecode.swift; path = SceneDelegate.swift; sourceTree = "<group>"; };
		7F216F8C2B556D3C0094D7F8 /* Assets.xcassets */ = {isa = PBXFileReference; lastKnownFileType = folder.assetcatalog; path = Assets.xcassets; sourceTree = "<group>"; };
		7F216F8F2B556D3C0094D7F8 /* Base */ = {isa = PBXFileReference; lastKnownFileType = file.storyboard; name = Base; path = Base.lproj/LaunchScreen.storyboard; sourceTree = "<group>"; };
		7F216F912B556D3C0094D7F8 /* Info.plist */ = {isa = PBXFileReference; lastKnownFileType = text.plist.xml; path = Info.plist; sourceTree = "<group>"; };
		7F216F972B557B530094D7F8 /* SearchVC.swift */ = {isa = PBXFileReference; lastKnownFileType = sourcecode.swift; path = SearchVC.swift; sourceTree = "<group>"; };
		7F216F992B557B6C0094D7F8 /* FavoriteListVC.swift */ = {isa = PBXFileReference; lastKnownFileType = sourcecode.swift; path = FavoriteListVC.swift; sourceTree = "<group>"; };
		7F216F9C2B575E1F0094D7F8 /* GFButton.swift */ = {isa = PBXFileReference; lastKnownFileType = sourcecode.swift; path = GFButton.swift; sourceTree = "<group>"; };
		7F216F9F2B5792A00094D7F8 /* GFTextField.swift */ = {isa = PBXFileReference; lastKnownFileType = sourcecode.swift; path = GFTextField.swift; sourceTree = "<group>"; };
		7F216FA12B57AF0F0094D7F8 /* FollowerListVC.swift */ = {isa = PBXFileReference; lastKnownFileType = sourcecode.swift; path = FollowerListVC.swift; sourceTree = "<group>"; };
		7F216FA32B57F93D0094D7F8 /* GFTitleLabel.swift */ = {isa = PBXFileReference; lastKnownFileType = sourcecode.swift; path = GFTitleLabel.swift; sourceTree = "<group>"; };
		7F216FA52B57F9520094D7F8 /* GFBodyLabel.swift */ = {isa = PBXFileReference; lastKnownFileType = sourcecode.swift; path = GFBodyLabel.swift; sourceTree = "<group>"; };
		7F216FA72B57FC480094D7F8 /* GFAlertVC.swift */ = {isa = PBXFileReference; lastKnownFileType = sourcecode.swift; path = GFAlertVC.swift; sourceTree = "<group>"; };
		7F216FA92B57FC720094D7F8 /* GFAlertView.swift */ = {isa = PBXFileReference; lastKnownFileType = sourcecode.swift; path = GFAlertView.swift; sourceTree = "<group>"; };
		7F216FAB2B58196E0094D7F8 /* UIViewController+Ext.swift */ = {isa = PBXFileReference; lastKnownFileType = sourcecode.swift; path = "UIViewController+Ext.swift"; sourceTree = "<group>"; };
		7F65F5B32B678A21002F40E2 /* GFTabBarViewController.swift */ = {isa = PBXFileReference; lastKnownFileType = sourcecode.swift; path = GFTabBarViewController.swift; sourceTree = "<group>"; };
		7F65F5B52B67A2BA002F40E2 /* Date+Ext.swift */ = {isa = PBXFileReference; lastKnownFileType = sourcecode.swift; path = "Date+Ext.swift"; sourceTree = "<group>"; };
		7FF9AEBD2B5A054300918470 /* NetworkManager.swift */ = {isa = PBXFileReference; lastKnownFileType = sourcecode.swift; path = NetworkManager.swift; sourceTree = "<group>"; };
		7FF9AEBF2B5A117300918470 /* Follower.swift */ = {isa = PBXFileReference; lastKnownFileType = sourcecode.swift; path = Follower.swift; sourceTree = "<group>"; };
		7FF9AEC22B5A11B200918470 /* User.swift */ = {isa = PBXFileReference; lastKnownFileType = sourcecode.swift; path = User.swift; sourceTree = "<group>"; };
		7FF9AEC52B5A4BDE00918470 /* GFError.swift */ = {isa = PBXFileReference; lastKnownFileType = sourcecode.swift; path = GFError.swift; sourceTree = "<group>"; };
		7FF9AEC92B5A82A200918470 /* FollowerCell.swift */ = {isa = PBXFileReference; lastKnownFileType = sourcecode.swift; path = FollowerCell.swift; sourceTree = "<group>"; };
		7FF9AECB2B5A8BAE00918470 /* GFAvatarImageView.swift */ = {isa = PBXFileReference; lastKnownFileType = sourcecode.swift; path = GFAvatarImageView.swift; sourceTree = "<group>"; };
		7FF9AECD2B5E137C00918470 /* UIHelper.swift */ = {isa = PBXFileReference; lastKnownFileType = sourcecode.swift; path = UIHelper.swift; sourceTree = "<group>"; };
		7FF9AECF2B5E941900918470 /* GFEmptyView.swift */ = {isa = PBXFileReference; lastKnownFileType = sourcecode.swift; path = GFEmptyView.swift; sourceTree = "<group>"; };
		7FF9AED12B5FF81E00918470 /* UserInfoVC.swift */ = {isa = PBXFileReference; lastKnownFileType = sourcecode.swift; path = UserInfoVC.swift; sourceTree = "<group>"; };
		7FF9AED32B60C1D200918470 /* GFUserInfoItemVC.swift */ = {isa = PBXFileReference; lastKnownFileType = sourcecode.swift; path = GFUserInfoItemVC.swift; sourceTree = "<group>"; };
		7FF9AED52B60C1E900918470 /* GFUserInfoHeaderVC.swift */ = {isa = PBXFileReference; lastKnownFileType = sourcecode.swift; path = GFUserInfoHeaderVC.swift; sourceTree = "<group>"; };
		7FF9AED92B61085F00918470 /* Constants.swift */ = {isa = PBXFileReference; lastKnownFileType = sourcecode.swift; path = Constants.swift; sourceTree = "<group>"; };
		7FF9AEDB2B612CBC00918470 /* GFItemInfoView.swift */ = {isa = PBXFileReference; lastKnownFileType = sourcecode.swift; path = GFItemInfoView.swift; sourceTree = "<group>"; };
		7FF9AEDD2B62983400918470 /* GFRepoItemVC.swift */ = {isa = PBXFileReference; lastKnownFileType = sourcecode.swift; path = GFRepoItemVC.swift; sourceTree = "<group>"; };
		7FF9AEDF2B629A2B00918470 /* GFFollowerItemVC.swift */ = {isa = PBXFileReference; lastKnownFileType = sourcecode.swift; path = GFFollowerItemVC.swift; sourceTree = "<group>"; };
		7FF9AEE42B63E96F00918470 /* PersistenceManager.swift */ = {isa = PBXFileReference; lastKnownFileType = sourcecode.swift; path = PersistenceManager.swift; sourceTree = "<group>"; };
		7FF9AEE62B66490F00918470 /* FavoriteCell.swift */ = {isa = PBXFileReference; lastKnownFileType = sourcecode.swift; path = FavoriteCell.swift; sourceTree = "<group>"; };
		9034A9D85A35FEE31C241421 /* Pods_GHFFollowers.framework */ = {isa = PBXFileReference; explicitFileType = wrapper.framework; includeInIndex = 0; path = Pods_GHFFollowers.framework; sourceTree = BUILT_PRODUCTS_DIR; };
		A5B0B3B86F9D82B662155681 /* Pods-GHFFollowers.release.xcconfig */ = {isa = PBXFileReference; includeInIndex = 1; lastKnownFileType = text.xcconfig; name = "Pods-GHFFollowers.release.xcconfig"; path = "Target Support Files/Pods-GHFFollowers/Pods-GHFFollowers.release.xcconfig"; sourceTree = "<group>"; };
		C07B079D8C69785ADA151332 /* Pods-GHFFollowers.debug.xcconfig */ = {isa = PBXFileReference; includeInIndex = 1; lastKnownFileType = text.xcconfig; name = "Pods-GHFFollowers.debug.xcconfig"; path = "Target Support Files/Pods-GHFFollowers/Pods-GHFFollowers.debug.xcconfig"; sourceTree = "<group>"; };
/* End PBXFileReference section */

/* Begin PBXFrameworksBuildPhase section */
		7F216F7D2B556D3B0094D7F8 /* Frameworks */ = {
			isa = PBXFrameworksBuildPhase;
			buildActionMask = 2147483647;
			files = (
				69954230943610CED5797F7C /* Pods_GHFFollowers.framework in Frameworks */,
			);
			runOnlyForDeploymentPostprocessing = 0;
		};
/* End PBXFrameworksBuildPhase section */

/* Begin PBXGroup section */
		24E5607D9163C54401408CC7 /* Frameworks */ = {
			isa = PBXGroup;
			children = (
				9034A9D85A35FEE31C241421 /* Pods_GHFFollowers.framework */,
			);
			name = Frameworks;
			sourceTree = "<group>";
		};
		7F216F772B556D3B0094D7F8 = {
			isa = PBXGroup;
			children = (
				7F216F822B556D3B0094D7F8 /* GHFFollowers */,
				7F216F812B556D3B0094D7F8 /* Products */,
				A730D20F6F993F12A7935565 /* Pods */,
				24E5607D9163C54401408CC7 /* Frameworks */,
			);
			sourceTree = "<group>";
		};
		7F216F812B556D3B0094D7F8 /* Products */ = {
			isa = PBXGroup;
			children = (
				7F216F802B556D3B0094D7F8 /* GHFFollowers.app */,
			);
			name = Products;
			sourceTree = "<group>";
		};
		7F216F822B556D3B0094D7F8 /* GHFFollowers */ = {
			isa = PBXGroup;
			children = (
				7FF9AEC42B5A4BC800918470 /* Utilities */,
				7FF9AEBC2B5A052E00918470 /* Managers */,
				7F216FAD2B581AD40094D7F8 /* Extensions */,
				7F216F9E2B575E240094D7F8 /* Custom Views */,
				7F216F9B2B557B7F0094D7F8 /* Controllers */,
				7FF9AEC12B5A117900918470 /* Model */,
				7F216F852B556D3B0094D7F8 /* SceneDelegate.swift */,
				7F216F832B556D3B0094D7F8 /* AppDelegate.swift */,
				7F216F8C2B556D3C0094D7F8 /* Assets.xcassets */,
				7F216F8E2B556D3C0094D7F8 /* LaunchScreen.storyboard */,
				7F216F912B556D3C0094D7F8 /* Info.plist */,
			);
			path = GHFFollowers;
			sourceTree = "<group>";
		};
		7F216F9B2B557B7F0094D7F8 /* Controllers */ = {
			isa = PBXGroup;
			children = (
				7FF9AEE22B62A09D00918470 /* ItemInfoVCs */,
				7FF9AEE12B62A07200918470 /* Screens */,
				7F216FA72B57FC480094D7F8 /* GFAlertVC.swift */,
				7FF9AED52B60C1E900918470 /* GFUserInfoHeaderVC.swift */,
			);
			path = Controllers;
			sourceTree = "<group>";
		};
		7F216F9E2B575E240094D7F8 /* Custom Views */ = {
			isa = PBXGroup;
			children = (
				7FF9AEE32B62A0F100918470 /* ContainerViews */,
				7FF9AEC82B5A826500918470 /* Labels */,
				7FF9AEC72B5A825C00918470 /* Cells */,
				7F216F9C2B575E1F0094D7F8 /* GFButton.swift */,
				7F216F9F2B5792A00094D7F8 /* GFTextField.swift */,
				7FF9AECB2B5A8BAE00918470 /* GFAvatarImageView.swift */,
				7FF9AECF2B5E941900918470 /* GFEmptyView.swift */,
			);
			name = "Custom Views";
			path = ..;
			sourceTree = "<group>";
		};
		7F216FAD2B581AD40094D7F8 /* Extensions */ = {
			isa = PBXGroup;
			children = (
				7F216FAB2B58196E0094D7F8 /* UIViewController+Ext.swift */,
				7F65F5B52B67A2BA002F40E2 /* Date+Ext.swift */,
			);
			path = Extensions;
			sourceTree = "<group>";
		};
		7FF9AEBC2B5A052E00918470 /* Managers */ = {
			isa = PBXGroup;
			children = (
				7FF9AEE42B63E96F00918470 /* PersistenceManager.swift */,
				7FF9AEBD2B5A054300918470 /* NetworkManager.swift */,
			);
			path = Managers;
			sourceTree = "<group>";
		};
		7FF9AEC12B5A117900918470 /* Model */ = {
			isa = PBXGroup;
			children = (
				7FF9AEBF2B5A117300918470 /* Follower.swift */,
				7FF9AEC22B5A11B200918470 /* User.swift */,
			);
			path = Model;
			sourceTree = "<group>";
		};
		7FF9AEC42B5A4BC800918470 /* Utilities */ = {
			isa = PBXGroup;
			children = (
				7FF9AEC52B5A4BDE00918470 /* GFError.swift */,
				7FF9AECD2B5E137C00918470 /* UIHelper.swift */,
				7FF9AED92B61085F00918470 /* Constants.swift */,
			);
			path = Utilities;
			sourceTree = "<group>";
		};
		7FF9AEC72B5A825C00918470 /* Cells */ = {
			isa = PBXGroup;
			children = (
				7FF9AEC92B5A82A200918470 /* FollowerCell.swift */,
				7FF9AEE62B66490F00918470 /* FavoriteCell.swift */,
			);
			path = Cells;
			sourceTree = "<group>";
		};
		7FF9AEC82B5A826500918470 /* Labels */ = {
			isa = PBXGroup;
			children = (
				7F216FA32B57F93D0094D7F8 /* GFTitleLabel.swift */,
				7F216FA52B57F9520094D7F8 /* GFBodyLabel.swift */,
			);
			path = Labels;
			sourceTree = "<group>";
		};
		7FF9AEE12B62A07200918470 /* Screens */ = {
			isa = PBXGroup;
			children = (
				7F216F972B557B530094D7F8 /* SearchVC.swift */,
				7F216F992B557B6C0094D7F8 /* FavoriteListVC.swift */,
				7F216FA12B57AF0F0094D7F8 /* FollowerListVC.swift */,
				7FF9AED12B5FF81E00918470 /* UserInfoVC.swift */,
				7F65F5B32B678A21002F40E2 /* GFTabBarViewController.swift */,
			);
			path = Screens;
			sourceTree = "<group>";
		};
		7FF9AEE22B62A09D00918470 /* ItemInfoVCs */ = {
			isa = PBXGroup;
			children = (
				7FF9AED32B60C1D200918470 /* GFUserInfoItemVC.swift */,
				7FF9AEDD2B62983400918470 /* GFRepoItemVC.swift */,
				7FF9AEDF2B629A2B00918470 /* GFFollowerItemVC.swift */,
			);
			path = ItemInfoVCs;
			sourceTree = "<group>";
		};
		7FF9AEE32B62A0F100918470 /* ContainerViews */ = {
			isa = PBXGroup;
			children = (
				7F216FA92B57FC720094D7F8 /* GFAlertView.swift */,
				7FF9AEDB2B612CBC00918470 /* GFItemInfoView.swift */,
			);
			path = ContainerViews;
			sourceTree = "<group>";
		};
		A730D20F6F993F12A7935565 /* Pods */ = {
			isa = PBXGroup;
			children = (
				C07B079D8C69785ADA151332 /* Pods-GHFFollowers.debug.xcconfig */,
				A5B0B3B86F9D82B662155681 /* Pods-GHFFollowers.release.xcconfig */,
			);
			name = Pods;
			path = Pods;
			sourceTree = "<group>";
		};
/* End PBXGroup section */

/* Begin PBXNativeTarget section */
		7F216F7F2B556D3B0094D7F8 /* GHFFollowers */ = {
			isa = PBXNativeTarget;
			buildConfigurationList = 7F216F942B556D3C0094D7F8 /* Build configuration list for PBXNativeTarget "GHFFollowers" */;
			buildPhases = (
				9E6C994A578585B9E3D3B033 /* [CP] Check Pods Manifest.lock */,
				7F216F7C2B556D3B0094D7F8 /* Sources */,
				7F216F7D2B556D3B0094D7F8 /* Frameworks */,
				7F216F7E2B556D3B0094D7F8 /* Resources */,
			);
			buildRules = (
			);
			dependencies = (
			);
			name = GHFFollowers;
			productName = GHFFollowers;
			productReference = 7F216F802B556D3B0094D7F8 /* GHFFollowers.app */;
			productType = "com.apple.product-type.application";
		};
/* End PBXNativeTarget section */

/* Begin PBXProject section */
		7F216F782B556D3B0094D7F8 /* Project object */ = {
			isa = PBXProject;
			attributes = {
				BuildIndependentTargetsInParallel = 1;
				LastSwiftUpdateCheck = 1520;
				LastUpgradeCheck = 1520;
				TargetAttributes = {
					7F216F7F2B556D3B0094D7F8 = {
						CreatedOnToolsVersion = 15.2;
					};
				};
			};
			buildConfigurationList = 7F216F7B2B556D3B0094D7F8 /* Build configuration list for PBXProject "GHFFollowers" */;
			compatibilityVersion = "Xcode 14.0";
			developmentRegion = en;
			hasScannedForEncodings = 0;
			knownRegions = (
				en,
				Base,
			);
			mainGroup = 7F216F772B556D3B0094D7F8;
			productRefGroup = 7F216F812B556D3B0094D7F8 /* Products */;
			projectDirPath = "";
			projectRoot = "";
			targets = (
				7F216F7F2B556D3B0094D7F8 /* GHFFollowers */,
			);
		};
/* End PBXProject section */

/* Begin PBXResourcesBuildPhase section */
		7F216F7E2B556D3B0094D7F8 /* Resources */ = {
			isa = PBXResourcesBuildPhase;
			buildActionMask = 2147483647;
			files = (
				7F216F902B556D3C0094D7F8 /* LaunchScreen.storyboard in Resources */,
				7F216F8D2B556D3C0094D7F8 /* Assets.xcassets in Resources */,
			);
			runOnlyForDeploymentPostprocessing = 0;
		};
/* End PBXResourcesBuildPhase section */

/* Begin PBXShellScriptBuildPhase section */
		9E6C994A578585B9E3D3B033 /* [CP] Check Pods Manifest.lock */ = {
			isa = PBXShellScriptBuildPhase;
			buildActionMask = 2147483647;
			files = (
			);
			inputFileListPaths = (
			);
			inputPaths = (
				"${PODS_PODFILE_DIR_PATH}/Podfile.lock",
				"${PODS_ROOT}/Manifest.lock",
			);
			name = "[CP] Check Pods Manifest.lock";
			outputFileListPaths = (
			);
			outputPaths = (
				"$(DERIVED_FILE_DIR)/Pods-GHFFollowers-checkManifestLockResult.txt",
			);
			runOnlyForDeploymentPostprocessing = 0;
			shellPath = /bin/sh;
			shellScript = "diff \"${PODS_PODFILE_DIR_PATH}/Podfile.lock\" \"${PODS_ROOT}/Manifest.lock\" > /dev/null\nif [ $? != 0 ] ; then\n    # print error to STDERR\n    echo \"error: The sandbox is not in sync with the Podfile.lock. Run 'pod install' or update your CocoaPods installation.\" >&2\n    exit 1\nfi\n# This output is used by Xcode 'outputs' to avoid re-running this script phase.\necho \"SUCCESS\" > \"${SCRIPT_OUTPUT_FILE_0}\"\n";
			showEnvVarsInLog = 0;
		};
/* End PBXShellScriptBuildPhase section */

/* Begin PBXSourcesBuildPhase section */
		7F216F7C2B556D3B0094D7F8 /* Sources */ = {
			isa = PBXSourcesBuildPhase;
			buildActionMask = 2147483647;
			files = (
				7F216FA02B5792A00094D7F8 /* GFTextField.swift in Sources */,
				7FF9AEC02B5A117300918470 /* Follower.swift in Sources */,
				7F65F5B62B67A2BA002F40E2 /* Date+Ext.swift in Sources */,
				7F216FAA2B57FC720094D7F8 /* GFAlertView.swift in Sources */,
				7F216FAC2B58196E0094D7F8 /* UIViewController+Ext.swift in Sources */,
				7FF9AEBE2B5A054300918470 /* NetworkManager.swift in Sources */,
				7F216F982B557B530094D7F8 /* SearchVC.swift in Sources */,
				7F216F9D2B575E1F0094D7F8 /* GFButton.swift in Sources */,
				7FF9AECA2B5A82A200918470 /* FollowerCell.swift in Sources */,
				7FF9AECC2B5A8BAE00918470 /* GFAvatarImageView.swift in Sources */,
				7F216F9A2B557B6C0094D7F8 /* FavoriteListVC.swift in Sources */,
				7FF9AEC32B5A11B200918470 /* User.swift in Sources */,
				7FF9AEE02B629A2B00918470 /* GFFollowerItemVC.swift in Sources */,
				7FF9AED22B5FF81E00918470 /* UserInfoVC.swift in Sources */,
				7F216FA82B57FC480094D7F8 /* GFAlertVC.swift in Sources */,
				7F216FA62B57F9520094D7F8 /* GFBodyLabel.swift in Sources */,
				7F65F5B42B678A21002F40E2 /* GFTabBarViewController.swift in Sources */,
				7FF9AEE52B63E96F00918470 /* PersistenceManager.swift in Sources */,
				7F216FA22B57AF0F0094D7F8 /* FollowerListVC.swift in Sources */,
				7FF9AED62B60C1E900918470 /* GFUserInfoHeaderVC.swift in Sources */,
				7FF9AEC62B5A4BDE00918470 /* GFError.swift in Sources */,
				7FF9AED02B5E941900918470 /* GFEmptyView.swift in Sources */,
				7FF9AECE2B5E137C00918470 /* UIHelper.swift in Sources */,
				7F216F842B556D3B0094D7F8 /* AppDelegate.swift in Sources */,
				7FF9AEE72B66490F00918470 /* FavoriteCell.swift in Sources */,
				7FF9AED42B60C1D300918470 /* GFUserInfoItemVC.swift in Sources */,
				7F216FA42B57F93D0094D7F8 /* GFTitleLabel.swift in Sources */,
				7FF9AEDC2B612CBC00918470 /* GFItemInfoView.swift in Sources */,
				7F216F862B556D3B0094D7F8 /* SceneDelegate.swift in Sources */,
				7FF9AEDE2B62983400918470 /* GFRepoItemVC.swift in Sources */,
				7FF9AEDA2B61085F00918470 /* Constants.swift in Sources */,
			);
			runOnlyForDeploymentPostprocessing = 0;
		};
/* End PBXSourcesBuildPhase section */

/* Begin PBXVariantGroup section */
		7F216F8E2B556D3C0094D7F8 /* LaunchScreen.storyboard */ = {
			isa = PBXVariantGroup;
			children = (
				7F216F8F2B556D3C0094D7F8 /* Base */,
			);
			name = LaunchScreen.storyboard;
			sourceTree = "<group>";
		};
/* End PBXVariantGroup section */

/* Begin XCBuildConfiguration section */
		7F216F922B556D3C0094D7F8 /* Debug */ = {
			isa = XCBuildConfiguration;
			buildSettings = {
				ALWAYS_SEARCH_USER_PATHS = NO;
				ASSETCATALOG_COMPILER_GENERATE_SWIFT_ASSET_SYMBOL_EXTENSIONS = YES;
				CLANG_ANALYZER_NONNULL = YES;
				CLANG_ANALYZER_NUMBER_OBJECT_CONVERSION = YES_AGGRESSIVE;
				CLANG_CXX_LANGUAGE_STANDARD = "gnu++20";
				CLANG_ENABLE_MODULES = YES;
				CLANG_ENABLE_OBJC_ARC = YES;
				CLANG_ENABLE_OBJC_WEAK = YES;
				CLANG_WARN_BLOCK_CAPTURE_AUTORELEASING = YES;
				CLANG_WARN_BOOL_CONVERSION = YES;
				CLANG_WARN_COMMA = YES;
				CLANG_WARN_CONSTANT_CONVERSION = YES;
				CLANG_WARN_DEPRECATED_OBJC_IMPLEMENTATIONS = YES;
				CLANG_WARN_DIRECT_OBJC_ISA_USAGE = YES_ERROR;
				CLANG_WARN_DOCUMENTATION_COMMENTS = YES;
				CLANG_WARN_EMPTY_BODY = YES;
				CLANG_WARN_ENUM_CONVERSION = YES;
				CLANG_WARN_INFINITE_RECURSION = YES;
				CLANG_WARN_INT_CONVERSION = YES;
				CLANG_WARN_NON_LITERAL_NULL_CONVERSION = YES;
				CLANG_WARN_OBJC_IMPLICIT_RETAIN_SELF = YES;
				CLANG_WARN_OBJC_LITERAL_CONVERSION = YES;
				CLANG_WARN_OBJC_ROOT_CLASS = YES_ERROR;
				CLANG_WARN_QUOTED_INCLUDE_IN_FRAMEWORK_HEADER = YES;
				CLANG_WARN_RANGE_LOOP_ANALYSIS = YES;
				CLANG_WARN_STRICT_PROTOTYPES = YES;
				CLANG_WARN_SUSPICIOUS_MOVE = YES;
				CLANG_WARN_UNGUARDED_AVAILABILITY = YES_AGGRESSIVE;
				CLANG_WARN_UNREACHABLE_CODE = YES;
				CLANG_WARN__DUPLICATE_METHOD_MATCH = YES;
				COPY_PHASE_STRIP = NO;
				DEBUG_INFORMATION_FORMAT = dwarf;
				ENABLE_STRICT_OBJC_MSGSEND = YES;
				ENABLE_TESTABILITY = YES;
				ENABLE_USER_SCRIPT_SANDBOXING = YES;
				GCC_C_LANGUAGE_STANDARD = gnu17;
				GCC_DYNAMIC_NO_PIC = NO;
				GCC_NO_COMMON_BLOCKS = YES;
				GCC_OPTIMIZATION_LEVEL = 0;
				GCC_PREPROCESSOR_DEFINITIONS = (
					"DEBUG=1",
					"$(inherited)",
				);
				GCC_WARN_64_TO_32_BIT_CONVERSION = YES;
				GCC_WARN_ABOUT_RETURN_TYPE = YES_ERROR;
				GCC_WARN_UNDECLARED_SELECTOR = YES;
				GCC_WARN_UNINITIALIZED_AUTOS = YES_AGGRESSIVE;
				GCC_WARN_UNUSED_FUNCTION = YES;
				GCC_WARN_UNUSED_VARIABLE = YES;
				IPHONEOS_DEPLOYMENT_TARGET = 17.2;
				LOCALIZATION_PREFERS_STRING_CATALOGS = YES;
				MTL_ENABLE_DEBUG_INFO = INCLUDE_SOURCE;
				MTL_FAST_MATH = YES;
				ONLY_ACTIVE_ARCH = YES;
				SDKROOT = iphoneos;
				SWIFT_ACTIVE_COMPILATION_CONDITIONS = "DEBUG $(inherited)";
				SWIFT_OPTIMIZATION_LEVEL = "-Onone";
			};
			name = Debug;
		};
		7F216F932B556D3C0094D7F8 /* Release */ = {
			isa = XCBuildConfiguration;
			buildSettings = {
				ALWAYS_SEARCH_USER_PATHS = NO;
				ASSETCATALOG_COMPILER_GENERATE_SWIFT_ASSET_SYMBOL_EXTENSIONS = YES;
				CLANG_ANALYZER_NONNULL = YES;
				CLANG_ANALYZER_NUMBER_OBJECT_CONVERSION = YES_AGGRESSIVE;
				CLANG_CXX_LANGUAGE_STANDARD = "gnu++20";
				CLANG_ENABLE_MODULES = YES;
				CLANG_ENABLE_OBJC_ARC = YES;
				CLANG_ENABLE_OBJC_WEAK = YES;
				CLANG_WARN_BLOCK_CAPTURE_AUTORELEASING = YES;
				CLANG_WARN_BOOL_CONVERSION = YES;
				CLANG_WARN_COMMA = YES;
				CLANG_WARN_CONSTANT_CONVERSION = YES;
				CLANG_WARN_DEPRECATED_OBJC_IMPLEMENTATIONS = YES;
				CLANG_WARN_DIRECT_OBJC_ISA_USAGE = YES_ERROR;
				CLANG_WARN_DOCUMENTATION_COMMENTS = YES;
				CLANG_WARN_EMPTY_BODY = YES;
				CLANG_WARN_ENUM_CONVERSION = YES;
				CLANG_WARN_INFINITE_RECURSION = YES;
				CLANG_WARN_INT_CONVERSION = YES;
				CLANG_WARN_NON_LITERAL_NULL_CONVERSION = YES;
				CLANG_WARN_OBJC_IMPLICIT_RETAIN_SELF = YES;
				CLANG_WARN_OBJC_LITERAL_CONVERSION = YES;
				CLANG_WARN_OBJC_ROOT_CLASS = YES_ERROR;
				CLANG_WARN_QUOTED_INCLUDE_IN_FRAMEWORK_HEADER = YES;
				CLANG_WARN_RANGE_LOOP_ANALYSIS = YES;
				CLANG_WARN_STRICT_PROTOTYPES = YES;
				CLANG_WARN_SUSPICIOUS_MOVE = YES;
				CLANG_WARN_UNGUARDED_AVAILABILITY = YES_AGGRESSIVE;
				CLANG_WARN_UNREACHABLE_CODE = YES;
				CLANG_WARN__DUPLICATE_METHOD_MATCH = YES;
				COPY_PHASE_STRIP = NO;
				DEBUG_INFORMATION_FORMAT = "dwarf-with-dsym";
				ENABLE_NS_ASSERTIONS = NO;
				ENABLE_STRICT_OBJC_MSGSEND = YES;
				ENABLE_USER_SCRIPT_SANDBOXING = YES;
				GCC_C_LANGUAGE_STANDARD = gnu17;
				GCC_NO_COMMON_BLOCKS = YES;
				GCC_WARN_64_TO_32_BIT_CONVERSION = YES;
				GCC_WARN_ABOUT_RETURN_TYPE = YES_ERROR;
				GCC_WARN_UNDECLARED_SELECTOR = YES;
				GCC_WARN_UNINITIALIZED_AUTOS = YES_AGGRESSIVE;
				GCC_WARN_UNUSED_FUNCTION = YES;
				GCC_WARN_UNUSED_VARIABLE = YES;
				IPHONEOS_DEPLOYMENT_TARGET = 17.2;
				LOCALIZATION_PREFERS_STRING_CATALOGS = YES;
				MTL_ENABLE_DEBUG_INFO = NO;
				MTL_FAST_MATH = YES;
				SDKROOT = iphoneos;
				SWIFT_COMPILATION_MODE = wholemodule;
				VALIDATE_PRODUCT = YES;
			};
			name = Release;
		};
		7F216F952B556D3C0094D7F8 /* Debug */ = {
			isa = XCBuildConfiguration;
			baseConfigurationReference = C07B079D8C69785ADA151332 /* Pods-GHFFollowers.debug.xcconfig */;
			buildSettings = {
				ASSETCATALOG_COMPILER_APPICON_NAME = AppIcon;
				ASSETCATALOG_COMPILER_GLOBAL_ACCENT_COLOR_NAME = AccentColor;
				CODE_SIGN_STYLE = Automatic;
				CURRENT_PROJECT_VERSION = 1;
				DEVELOPMENT_TEAM = NL34K93VD7;
				GENERATE_INFOPLIST_FILE = YES;
				INFOPLIST_FILE = GHFFollowers/Info.plist;
				INFOPLIST_KEY_UIApplicationSupportsIndirectInputEvents = YES;
				INFOPLIST_KEY_UILaunchStoryboardName = "";
				INFOPLIST_KEY_UIStatusBarStyle = "";
				INFOPLIST_KEY_UISupportedInterfaceOrientations = UIInterfaceOrientationPortrait;
				INFOPLIST_KEY_UISupportedInterfaceOrientations_iPad = "UIInterfaceOrientationLandscapeLeft UIInterfaceOrientationLandscapeRight UIInterfaceOrientationPortrait UIInterfaceOrientationPortraitUpsideDown";
				LD_RUNPATH_SEARCH_PATHS = (
					"$(inherited)",
					"@executable_path/Frameworks",
				);
				MARKETING_VERSION = 1.0;
				PRODUCT_BUNDLE_IDENTIFIER = com.ronguozirong.test.GHFFollowers;
				PRODUCT_NAME = "$(TARGET_NAME)";
				SWIFT_EMIT_LOC_STRINGS = YES;
				SWIFT_VERSION = 5.0;
				TARGETED_DEVICE_FAMILY = "1,2";
			};
			name = Debug;
		};
		7F216F962B556D3C0094D7F8 /* Release */ = {
			isa = XCBuildConfiguration;
			baseConfigurationReference = A5B0B3B86F9D82B662155681 /* Pods-GHFFollowers.release.xcconfig */;
			buildSettings = {
				ASSETCATALOG_COMPILER_APPICON_NAME = AppIcon;
				ASSETCATALOG_COMPILER_GLOBAL_ACCENT_COLOR_NAME = AccentColor;
				CODE_SIGN_STYLE = Automatic;
				CURRENT_PROJECT_VERSION = 1;
				DEVELOPMENT_TEAM = NL34K93VD7;
				GENERATE_INFOPLIST_FILE = YES;
				INFOPLIST_FILE = GHFFollowers/Info.plist;
				INFOPLIST_KEY_UIApplicationSupportsIndirectInputEvents = YES;
				INFOPLIST_KEY_UILaunchStoryboardName = "";
				INFOPLIST_KEY_UIStatusBarStyle = "";
				INFOPLIST_KEY_UISupportedInterfaceOrientations = UIInterfaceOrientationPortrait;
				INFOPLIST_KEY_UISupportedInterfaceOrientations_iPad = "UIInterfaceOrientationLandscapeLeft UIInterfaceOrientationLandscapeRight UIInterfaceOrientationPortrait UIInterfaceOrientationPortraitUpsideDown";
				LD_RUNPATH_SEARCH_PATHS = (
					"$(inherited)",
					"@executable_path/Frameworks",
				);
				MARKETING_VERSION = 1.0;
				PRODUCT_BUNDLE_IDENTIFIER = com.ronguozirong.test.GHFFollowers;
				PRODUCT_NAME = "$(TARGET_NAME)";
				SWIFT_EMIT_LOC_STRINGS = YES;
				SWIFT_VERSION = 5.0;
				TARGETED_DEVICE_FAMILY = "1,2";
			};
			name = Release;
		};
/* End XCBuildConfiguration section */

/* Begin XCConfigurationList section */
		7F216F7B2B556D3B0094D7F8 /* Build configuration list for PBXProject "GHFFollowers" */ = {
			isa = XCConfigurationList;
			buildConfigurations = (
				7F216F922B556D3C0094D7F8 /* Debug */,
				7F216F932B556D3C0094D7F8 /* Release */,
			);
			defaultConfigurationIsVisible = 0;
			defaultConfigurationName = Release;
		};
		7F216F942B556D3C0094D7F8 /* Build configuration list for PBXNativeTarget "GHFFollowers" */ = {
			isa = XCConfigurationList;
			buildConfigurations = (
				7F216F952B556D3C0094D7F8 /* Debug */,
				7F216F962B556D3C0094D7F8 /* Release */,
			);
			defaultConfigurationIsVisible = 0;
			defaultConfigurationName = Release;
		};
/* End XCConfigurationList section */
	};
	rootObject = 7F216F782B556D3B0094D7F8 /* Project object */;
}
